
Microsoft Visual Studio Solution File, Format Version 12.00
# Visual Studio Version 16
VisualStudioVersion = 16.0.31105.61
MinimumVisualStudioVersion = 10.0.40219.1
Project("{D954291E-2A0B-460D-934E-DC6B0785DB48}") = "POSUNO.Shared", "POSUNO\POSUNO.Shared\POSUNO.Shared.shproj", "{6279C845-92F8-4333-AB99-3D213163593C}"
EndProject
Project("{2150E333-8FDC-42A3-9474-1A3956D46DE8}") = "Platforms", "Platforms", "{672A58E5-7A90-4217-95DA-987038CF9BF6}"
EndProject
Project("{FAE04EC0-301F-11D3-BF4B-00C04F79EFBC}") = "POSUNO.Droid", "POSUNO\POSUNO.Droid\POSUNO.Droid.csproj", "{375C595F-FBB2-4BD8-AC5F-66E41ABFE967}"
EndProject
Project("{FAE04EC0-301F-11D3-BF4B-00C04F79EFBC}") = "POSUNO.iOS", "POSUNO\POSUNO.iOS\POSUNO.iOS.csproj", "{AC37E788-C288-44A7-B86E-5A6D8506DA40}"
EndProject
Project("{FAE04EC0-301F-11D3-BF4B-00C04F79EFBC}") = "POSUNO.UWP", "POSUNO\POSUNO.UWP\POSUNO.UWP.csproj", "{BB5B2356-0872-4F90-9470-E0C83E27406E}"
EndProject
Project("{9A19103F-16F7-4668-BE54-9A1E7A4F7556}") = "POSUNO.Wasm", "POSUNO\POSUNO.Wasm\POSUNO.Wasm.csproj", "{BB183DB6-E9FB-490B-8FB8-11A9C2364724}"
EndProject
Project("{FAE04EC0-301F-11D3-BF4B-00C04F79EFBC}") = "POSUNO.macOS", "POSUNO\POSUNO.macOS\POSUNO.macOS.csproj", "{7496A4C1-F0A0-428A-94BC-C5A390C45723}"
EndProject
Project("{9A19103F-16F7-4668-BE54-9A1E7A4F7556}") = "POSUNO.Skia.Wpf.Host", "POSUNO\POSUNO.Skia.Wpf.Host\POSUNO.Skia.Wpf.Host.csproj", "{2FFD399B-C5AF-425C-B6B3-AEF745414E01}"
EndProject
Project("{9A19103F-16F7-4668-BE54-9A1E7A4F7556}") = "POSUNO.Skia.Wpf", "POSUNO\POSUNO.Skia.Wpf\POSUNO.Skia.Wpf.csproj", "{9D564A12-7932-4FA1-AB04-9AB07EC98D30}"
EndProject
Project("{9A19103F-16F7-4668-BE54-9A1E7A4F7556}") = "POSUNO.Skia.Gtk", "POSUNO\POSUNO.Skia.Gtk\POSUNO.Skia.Gtk.csproj", "{7EB2FEE0-9685-4598-844E-FD42CE94EE9F}"
EndProject
Project("{9A19103F-16F7-4668-BE54-9A1E7A4F7556}") = "POSUNO.Skia.Tizen", "POSUNO\POSUNO.Skia.Tizen\POSUNO.Skia.Tizen.csproj", "{AC174B74-73FB-4EB5-B024-B526118309A5}"
EndProject
Project("{FAE04EC0-301F-11D3-BF4B-00C04F79EFBC}") = "POSUNO.Api", "POSUNO.Api\POSUNO.Api.csproj", "{52E848E5-8337-45E4-8692-E839ED294CBA}"
EndProject
Global
	GlobalSection(SharedMSBuildProjectFiles) = preSolution
		POSUNO\POSUNO.Shared\POSUNO.Shared.projitems*{375c595f-fbb2-4bd8-ac5f-66e41abfe967}*SharedItemsImports = 4
		POSUNO\POSUNO.Shared\POSUNO.Shared.projitems*{6279c845-92f8-4333-ab99-3d213163593c}*SharedItemsImports = 13
		POSUNO\POSUNO.Shared\POSUNO.Shared.projitems*{7496a4c1-f0a0-428a-94bc-c5a390c45723}*SharedItemsImports = 4
		POSUNO\POSUNO.Shared\POSUNO.Shared.projitems*{7eb2fee0-9685-4598-844e-fd42ce94ee9f}*SharedItemsImports = 5
		POSUNO\POSUNO.Shared\POSUNO.Shared.projitems*{9d564a12-7932-4fa1-ab04-9ab07ec98d30}*SharedItemsImports = 5
		POSUNO\POSUNO.Shared\POSUNO.Shared.projitems*{ac174b74-73fb-4eb5-b024-b526118309a5}*SharedItemsImports = 5
		POSUNO\POSUNO.Shared\POSUNO.Shared.projitems*{ac37e788-c288-44a7-b86e-5a6d8506da40}*SharedItemsImports = 4
		POSUNO\POSUNO.Shared\POSUNO.Shared.projitems*{bb183db6-e9fb-490b-8fb8-11a9c2364724}*SharedItemsImports = 5
		POSUNO\POSUNO.Shared\POSUNO.Shared.projitems*{bb5b2356-0872-4f90-9470-e0c83e27406e}*SharedItemsImports = 4
	EndGlobalSection
	GlobalSection(SolutionConfigurationPlatforms) = preSolution
		Ad-Hoc|Any CPU = Ad-Hoc|Any CPU
		Ad-Hoc|ARM = Ad-Hoc|ARM
		Ad-Hoc|ARM64 = Ad-Hoc|ARM64
		Ad-Hoc|iPhone = Ad-Hoc|iPhone
		Ad-Hoc|iPhoneSimulator = Ad-Hoc|iPhoneSimulator
		Ad-Hoc|x64 = Ad-Hoc|x64
		Ad-Hoc|x86 = Ad-Hoc|x86
		AppStore|Any CPU = AppStore|Any CPU
		AppStore|ARM = AppStore|ARM
		AppStore|ARM64 = AppStore|ARM64
		AppStore|iPhone = AppStore|iPhone
		AppStore|iPhoneSimulator = AppStore|iPhoneSimulator
		AppStore|x64 = AppStore|x64
		AppStore|x86 = AppStore|x86
		Debug|Any CPU = Debug|Any CPU
		Debug|ARM = Debug|ARM
		Debug|ARM64 = Debug|ARM64
		Debug|iPhone = Debug|iPhone
		Debug|iPhoneSimulator = Debug|iPhoneSimulator
		Debug|x64 = Debug|x64
		Debug|x86 = Debug|x86
		Release|Any CPU = Release|Any CPU
		Release|ARM = Release|ARM
		Release|ARM64 = Release|ARM64
		Release|iPhone = Release|iPhone
		Release|iPhoneSimulator = Release|iPhoneSimulator
		Release|x64 = Release|x64
		Release|x86 = Release|x86
	EndGlobalSection
	GlobalSection(ProjectConfigurationPlatforms) = postSolution
		{375C595F-FBB2-4BD8-AC5F-66E41ABFE967}.Ad-Hoc|Any CPU.ActiveCfg = Debug|Any CPU
		{375C595F-FBB2-4BD8-AC5F-66E41ABFE967}.Ad-Hoc|Any CPU.Build.0 = Debug|Any CPU
		{375C595F-FBB2-4BD8-AC5F-66E41ABFE967}.Ad-Hoc|Any CPU.Deploy.0 = Debug|Any CPU
		{375C595F-FBB2-4BD8-AC5F-66E41ABFE967}.Ad-Hoc|ARM.ActiveCfg = Debug|Any CPU
		{375C595F-FBB2-4BD8-AC5F-66E41ABFE967}.Ad-Hoc|ARM.Build.0 = Debug|Any CPU
		{375C595F-FBB2-4BD8-AC5F-66E41ABFE967}.Ad-Hoc|ARM.Deploy.0 = Debug|Any CPU
		{375C595F-FBB2-4BD8-AC5F-66E41ABFE967}.Ad-Hoc|ARM64.ActiveCfg = Debug|Any CPU
		{375C595F-FBB2-4BD8-AC5F-66E41ABFE967}.Ad-Hoc|ARM64.Build.0 = Debug|Any CPU
		{375C595F-FBB2-4BD8-AC5F-66E41ABFE967}.Ad-Hoc|ARM64.Deploy.0 = Debug|Any CPU
		{375C595F-FBB2-4BD8-AC5F-66E41ABFE967}.Ad-Hoc|iPhone.ActiveCfg = Debug|Any CPU
		{375C595F-FBB2-4BD8-AC5F-66E41ABFE967}.Ad-Hoc|iPhone.Build.0 = Debug|Any CPU
		{375C595F-FBB2-4BD8-AC5F-66E41ABFE967}.Ad-Hoc|iPhone.Deploy.0 = Debug|Any CPU
		{375C595F-FBB2-4BD8-AC5F-66E41ABFE967}.Ad-Hoc|iPhoneSimulator.ActiveCfg = Debug|Any CPU
		{375C595F-FBB2-4BD8-AC5F-66E41ABFE967}.Ad-Hoc|iPhoneSimulator.Build.0 = Debug|Any CPU
		{375C595F-FBB2-4BD8-AC5F-66E41ABFE967}.Ad-Hoc|iPhoneSimulator.Deploy.0 = Debug|Any CPU
		{375C595F-FBB2-4BD8-AC5F-66E41ABFE967}.Ad-Hoc|x64.ActiveCfg = Debug|Any CPU
		{375C595F-FBB2-4BD8-AC5F-66E41ABFE967}.Ad-Hoc|x64.Build.0 = Debug|Any CPU
		{375C595F-FBB2-4BD8-AC5F-66E41ABFE967}.Ad-Hoc|x64.Deploy.0 = Debug|Any CPU
		{375C595F-FBB2-4BD8-AC5F-66E41ABFE967}.Ad-Hoc|x86.ActiveCfg = Debug|Any CPU
		{375C595F-FBB2-4BD8-AC5F-66E41ABFE967}.Ad-Hoc|x86.Build.0 = Debug|Any CPU
		{375C595F-FBB2-4BD8-AC5F-66E41ABFE967}.Ad-Hoc|x86.Deploy.0 = Debug|Any CPU
		{375C595F-FBB2-4BD8-AC5F-66E41ABFE967}.AppStore|Any CPU.ActiveCfg = Debug|Any CPU
		{375C595F-FBB2-4BD8-AC5F-66E41ABFE967}.AppStore|Any CPU.Build.0 = Debug|Any CPU
		{375C595F-FBB2-4BD8-AC5F-66E41ABFE967}.AppStore|Any CPU.Deploy.0 = Debug|Any CPU
		{375C595F-FBB2-4BD8-AC5F-66E41ABFE967}.AppStore|ARM.ActiveCfg = Debug|Any CPU
		{375C595F-FBB2-4BD8-AC5F-66E41ABFE967}.AppStore|ARM.Build.0 = Debug|Any CPU
		{375C595F-FBB2-4BD8-AC5F-66E41ABFE967}.AppStore|ARM.Deploy.0 = Debug|Any CPU
		{375C595F-FBB2-4BD8-AC5F-66E41ABFE967}.AppStore|ARM64.ActiveCfg = Debug|Any CPU
		{375C595F-FBB2-4BD8-AC5F-66E41ABFE967}.AppStore|ARM64.Build.0 = Debug|Any CPU
		{375C595F-FBB2-4BD8-AC5F-66E41ABFE967}.AppStore|ARM64.Deploy.0 = Debug|Any CPU
		{375C595F-FBB2-4BD8-AC5F-66E41ABFE967}.AppStore|iPhone.ActiveCfg = Debug|Any CPU
		{375C595F-FBB2-4BD8-AC5F-66E41ABFE967}.AppStore|iPhone.Build.0 = Debug|Any CPU
		{375C595F-FBB2-4BD8-AC5F-66E41ABFE967}.AppStore|iPhone.Deploy.0 = Debug|Any CPU
		{375C595F-FBB2-4BD8-AC5F-66E41ABFE967}.AppStore|iPhoneSimulator.ActiveCfg = Debug|Any CPU
		{375C595F-FBB2-4BD8-AC5F-66E41ABFE967}.AppStore|iPhoneSimulator.Build.0 = Debug|Any CPU
		{375C595F-FBB2-4BD8-AC5F-66E41ABFE967}.AppStore|iPhoneSimulator.Deploy.0 = Debug|Any CPU
		{375C595F-FBB2-4BD8-AC5F-66E41ABFE967}.AppStore|x64.ActiveCfg = Debug|Any CPU
		{375C595F-FBB2-4BD8-AC5F-66E41ABFE967}.AppStore|x64.Build.0 = Debug|Any CPU
		{375C595F-FBB2-4BD8-AC5F-66E41ABFE967}.AppStore|x64.Deploy.0 = Debug|Any CPU
		{375C595F-FBB2-4BD8-AC5F-66E41ABFE967}.AppStore|x86.ActiveCfg = Debug|Any CPU
		{375C595F-FBB2-4BD8-AC5F-66E41ABFE967}.AppStore|x86.Build.0 = Debug|Any CPU
		{375C595F-FBB2-4BD8-AC5F-66E41ABFE967}.AppStore|x86.Deploy.0 = Debug|Any CPU
		{375C595F-FBB2-4BD8-AC5F-66E41ABFE967}.Debug|Any CPU.ActiveCfg = Debug|Any CPU
		{375C595F-FBB2-4BD8-AC5F-66E41ABFE967}.Debug|Any CPU.Build.0 = Debug|Any CPU
		{375C595F-FBB2-4BD8-AC5F-66E41ABFE967}.Debug|Any CPU.Deploy.0 = Debug|Any CPU
		{375C595F-FBB2-4BD8-AC5F-66E41ABFE967}.Debug|ARM.ActiveCfg = Debug|Any CPU
		{375C595F-FBB2-4BD8-AC5F-66E41ABFE967}.Debug|ARM.Build.0 = Debug|Any CPU
		{375C595F-FBB2-4BD8-AC5F-66E41ABFE967}.Debug|ARM.Deploy.0 = Debug|Any CPU
		{375C595F-FBB2-4BD8-AC5F-66E41ABFE967}.Debug|ARM64.ActiveCfg = Debug|Any CPU
		{375C595F-FBB2-4BD8-AC5F-66E41ABFE967}.Debug|ARM64.Build.0 = Debug|Any CPU
		{375C595F-FBB2-4BD8-AC5F-66E41ABFE967}.Debug|ARM64.Deploy.0 = Debug|Any CPU
		{375C595F-FBB2-4BD8-AC5F-66E41ABFE967}.Debug|iPhone.ActiveCfg = Debug|Any CPU
		{375C595F-FBB2-4BD8-AC5F-66E41ABFE967}.Debug|iPhone.Build.0 = Debug|Any CPU
		{375C595F-FBB2-4BD8-AC5F-66E41ABFE967}.Debug|iPhone.Deploy.0 = Debug|Any CPU
		{375C595F-FBB2-4BD8-AC5F-66E41ABFE967}.Debug|iPhoneSimulator.ActiveCfg = Debug|Any CPU
		{375C595F-FBB2-4BD8-AC5F-66E41ABFE967}.Debug|iPhoneSimulator.Build.0 = Debug|Any CPU
		{375C595F-FBB2-4BD8-AC5F-66E41ABFE967}.Debug|iPhoneSimulator.Deploy.0 = Debug|Any CPU
		{375C595F-FBB2-4BD8-AC5F-66E41ABFE967}.Debug|x64.ActiveCfg = Debug|Any CPU
		{375C595F-FBB2-4BD8-AC5F-66E41ABFE967}.Debug|x64.Build.0 = Debug|Any CPU
		{375C595F-FBB2-4BD8-AC5F-66E41ABFE967}.Debug|x64.Deploy.0 = Debug|Any CPU
		{375C595F-FBB2-4BD8-AC5F-66E41ABFE967}.Debug|x86.ActiveCfg = Debug|Any CPU
		{375C595F-FBB2-4BD8-AC5F-66E41ABFE967}.Debug|x86.Build.0 = Debug|Any CPU
		{375C595F-FBB2-4BD8-AC5F-66E41ABFE967}.Debug|x86.Deploy.0 = Debug|Any CPU
		{375C595F-FBB2-4BD8-AC5F-66E41ABFE967}.Release|Any CPU.ActiveCfg = Release|Any CPU
		{375C595F-FBB2-4BD8-AC5F-66E41ABFE967}.Release|Any CPU.Build.0 = Release|Any CPU
		{375C595F-FBB2-4BD8-AC5F-66E41ABFE967}.Release|Any CPU.Deploy.0 = Release|Any CPU
		{375C595F-FBB2-4BD8-AC5F-66E41ABFE967}.Release|ARM.ActiveCfg = Release|Any CPU
		{375C595F-FBB2-4BD8-AC5F-66E41ABFE967}.Release|ARM.Build.0 = Release|Any CPU
		{375C595F-FBB2-4BD8-AC5F-66E41ABFE967}.Release|ARM.Deploy.0 = Release|Any CPU
		{375C595F-FBB2-4BD8-AC5F-66E41ABFE967}.Release|ARM64.ActiveCfg = Release|Any CPU
		{375C595F-FBB2-4BD8-AC5F-66E41ABFE967}.Release|ARM64.Build.0 = Release|Any CPU
		{375C595F-FBB2-4BD8-AC5F-66E41ABFE967}.Release|ARM64.Deploy.0 = Release|Any CPU
		{375C595F-FBB2-4BD8-AC5F-66E41ABFE967}.Release|iPhone.ActiveCfg = Release|Any CPU
		{375C595F-FBB2-4BD8-AC5F-66E41ABFE967}.Release|iPhone.Build.0 = Release|Any CPU
		{375C595F-FBB2-4BD8-AC5F-66E41ABFE967}.Release|iPhone.Deploy.0 = Release|Any CPU
		{375C595F-FBB2-4BD8-AC5F-66E41ABFE967}.Release|iPhoneSimulator.ActiveCfg = Release|Any CPU
		{375C595F-FBB2-4BD8-AC5F-66E41ABFE967}.Release|iPhoneSimulator.Build.0 = Release|Any CPU
		{375C595F-FBB2-4BD8-AC5F-66E41ABFE967}.Release|iPhoneSimulator.Deploy.0 = Release|Any CPU
		{375C595F-FBB2-4BD8-AC5F-66E41ABFE967}.Release|x64.ActiveCfg = Release|Any CPU
		{375C595F-FBB2-4BD8-AC5F-66E41ABFE967}.Release|x64.Build.0 = Release|Any CPU
		{375C595F-FBB2-4BD8-AC5F-66E41ABFE967}.Release|x64.Deploy.0 = Release|Any CPU
		{375C595F-FBB2-4BD8-AC5F-66E41ABFE967}.Release|x86.ActiveCfg = Release|Any CPU
		{375C595F-FBB2-4BD8-AC5F-66E41ABFE967}.Release|x86.Build.0 = Release|Any CPU
		{375C595F-FBB2-4BD8-AC5F-66E41ABFE967}.Release|x86.Deploy.0 = Release|Any CPU
		{AC37E788-C288-44A7-B86E-5A6D8506DA40}.Ad-Hoc|Any CPU.ActiveCfg = Ad-Hoc|iPhoneSimulator
		{AC37E788-C288-44A7-B86E-5A6D8506DA40}.Ad-Hoc|ARM.ActiveCfg = Ad-Hoc|iPhoneSimulator
		{AC37E788-C288-44A7-B86E-5A6D8506DA40}.Ad-Hoc|ARM64.ActiveCfg = Ad-Hoc|iPhoneSimulator
		{AC37E788-C288-44A7-B86E-5A6D8506DA40}.Ad-Hoc|iPhone.ActiveCfg = Ad-Hoc|iPhone
		{AC37E788-C288-44A7-B86E-5A6D8506DA40}.Ad-Hoc|iPhone.Build.0 = Ad-Hoc|iPhone
		{AC37E788-C288-44A7-B86E-5A6D8506DA40}.Ad-Hoc|iPhoneSimulator.ActiveCfg = Ad-Hoc|iPhoneSimulator
		{AC37E788-C288-44A7-B86E-5A6D8506DA40}.Ad-Hoc|iPhoneSimulator.Build.0 = Ad-Hoc|iPhoneSimulator
		{AC37E788-C288-44A7-B86E-5A6D8506DA40}.Ad-Hoc|x64.ActiveCfg = Ad-Hoc|iPhoneSimulator
		{AC37E788-C288-44A7-B86E-5A6D8506DA40}.Ad-Hoc|x86.ActiveCfg = Ad-Hoc|iPhoneSimulator
		{AC37E788-C288-44A7-B86E-5A6D8506DA40}.AppStore|Any CPU.ActiveCfg = AppStore|iPhoneSimulator
		{AC37E788-C288-44A7-B86E-5A6D8506DA40}.AppStore|ARM.ActiveCfg = AppStore|iPhoneSimulator
		{AC37E788-C288-44A7-B86E-5A6D8506DA40}.AppStore|ARM64.ActiveCfg = AppStore|iPhoneSimulator
		{AC37E788-C288-44A7-B86E-5A6D8506DA40}.AppStore|iPhone.ActiveCfg = AppStore|iPhone
		{AC37E788-C288-44A7-B86E-5A6D8506DA40}.AppStore|iPhone.Build.0 = AppStore|iPhone
		{AC37E788-C288-44A7-B86E-5A6D8506DA40}.AppStore|iPhoneSimulator.ActiveCfg = AppStore|iPhoneSimulator
		{AC37E788-C288-44A7-B86E-5A6D8506DA40}.AppStore|iPhoneSimulator.Build.0 = AppStore|iPhoneSimulator
		{AC37E788-C288-44A7-B86E-5A6D8506DA40}.AppStore|x64.ActiveCfg = AppStore|iPhoneSimulator
		{AC37E788-C288-44A7-B86E-5A6D8506DA40}.AppStore|x86.ActiveCfg = AppStore|iPhoneSimulator
		{AC37E788-C288-44A7-B86E-5A6D8506DA40}.Debug|Any CPU.ActiveCfg = Debug|iPhoneSimulator
		{AC37E788-C288-44A7-B86E-5A6D8506DA40}.Debug|ARM.ActiveCfg = Debug|iPhoneSimulator
		{AC37E788-C288-44A7-B86E-5A6D8506DA40}.Debug|ARM64.ActiveCfg = Debug|iPhoneSimulator
		{AC37E788-C288-44A7-B86E-5A6D8506DA40}.Debug|iPhone.ActiveCfg = Debug|iPhone
		{AC37E788-C288-44A7-B86E-5A6D8506DA40}.Debug|iPhone.Build.0 = Debug|iPhone
		{AC37E788-C288-44A7-B86E-5A6D8506DA40}.Debug|iPhoneSimulator.ActiveCfg = Debug|iPhoneSimulator
		{AC37E788-C288-44A7-B86E-5A6D8506DA40}.Debug|iPhoneSimulator.Build.0 = Debug|iPhoneSimulator
		{AC37E788-C288-44A7-B86E-5A6D8506DA40}.Debug|x64.ActiveCfg = Debug|iPhoneSimulator
		{AC37E788-C288-44A7-B86E-5A6D8506DA40}.Debug|x86.ActiveCfg = Debug|iPhoneSimulator
		{AC37E788-C288-44A7-B86E-5A6D8506DA40}.Release|Any CPU.ActiveCfg = Release|iPhoneSimulator
		{AC37E788-C288-44A7-B86E-5A6D8506DA40}.Release|ARM.ActiveCfg = Release|iPhoneSimulator
		{AC37E788-C288-44A7-B86E-5A6D8506DA40}.Release|ARM64.ActiveCfg = Release|iPhoneSimulator
		{AC37E788-C288-44A7-B86E-5A6D8506DA40}.Release|iPhone.ActiveCfg = Release|iPhone
		{AC37E788-C288-44A7-B86E-5A6D8506DA40}.Release|iPhone.Build.0 = Release|iPhone
		{AC37E788-C288-44A7-B86E-5A6D8506DA40}.Release|iPhoneSimulator.ActiveCfg = Release|iPhoneSimulator
		{AC37E788-C288-44A7-B86E-5A6D8506DA40}.Release|iPhoneSimulator.Build.0 = Release|iPhoneSimulator
		{AC37E788-C288-44A7-B86E-5A6D8506DA40}.Release|x64.ActiveCfg = Release|iPhoneSimulator
		{AC37E788-C288-44A7-B86E-5A6D8506DA40}.Release|x86.ActiveCfg = Release|iPhoneSimulator
		{BB5B2356-0872-4F90-9470-E0C83E27406E}.Ad-Hoc|Any CPU.ActiveCfg = Debug|x86
		{BB5B2356-0872-4F90-9470-E0C83E27406E}.Ad-Hoc|Any CPU.Build.0 = Debug|x86
		{BB5B2356-0872-4F90-9470-E0C83E27406E}.Ad-Hoc|Any CPU.Deploy.0 = Debug|x86
		{BB5B2356-0872-4F90-9470-E0C83E27406E}.Ad-Hoc|ARM.ActiveCfg = Debug|ARM
		{BB5B2356-0872-4F90-9470-E0C83E27406E}.Ad-Hoc|ARM.Build.0 = Debug|ARM
		{BB5B2356-0872-4F90-9470-E0C83E27406E}.Ad-Hoc|ARM.Deploy.0 = Debug|ARM
		{BB5B2356-0872-4F90-9470-E0C83E27406E}.Ad-Hoc|ARM64.ActiveCfg = Debug|ARM64
		{BB5B2356-0872-4F90-9470-E0C83E27406E}.Ad-Hoc|ARM64.Build.0 = Debug|ARM64
		{BB5B2356-0872-4F90-9470-E0C83E27406E}.Ad-Hoc|ARM64.Deploy.0 = Debug|ARM64
		{BB5B2356-0872-4F90-9470-E0C83E27406E}.Ad-Hoc|iPhone.ActiveCfg = Debug|x86
		{BB5B2356-0872-4F90-9470-E0C83E27406E}.Ad-Hoc|iPhone.Build.0 = Debug|x86
		{BB5B2356-0872-4F90-9470-E0C83E27406E}.Ad-Hoc|iPhone.Deploy.0 = Debug|x86
		{BB5B2356-0872-4F90-9470-E0C83E27406E}.Ad-Hoc|iPhoneSimulator.ActiveCfg = Debug|x86
		{BB5B2356-0872-4F90-9470-E0C83E27406E}.Ad-Hoc|iPhoneSimulator.Build.0 = Debug|x86
		{BB5B2356-0872-4F90-9470-E0C83E27406E}.Ad-Hoc|iPhoneSimulator.Deploy.0 = Debug|x86
		{BB5B2356-0872-4F90-9470-E0C83E27406E}.Ad-Hoc|x64.ActiveCfg = Debug|x64
		{BB5B2356-0872-4F90-9470-E0C83E27406E}.Ad-Hoc|x64.Build.0 = Debug|x64
		{BB5B2356-0872-4F90-9470-E0C83E27406E}.Ad-Hoc|x64.Deploy.0 = Debug|x64
		{BB5B2356-0872-4F90-9470-E0C83E27406E}.Ad-Hoc|x86.ActiveCfg = Debug|x86
		{BB5B2356-0872-4F90-9470-E0C83E27406E}.Ad-Hoc|x86.Build.0 = Debug|x86
		{BB5B2356-0872-4F90-9470-E0C83E27406E}.Ad-Hoc|x86.Deploy.0 = Debug|x86
		{BB5B2356-0872-4F90-9470-E0C83E27406E}.AppStore|Any CPU.ActiveCfg = Debug|x86
		{BB5B2356-0872-4F90-9470-E0C83E27406E}.AppStore|Any CPU.Build.0 = Debug|x86
		{BB5B2356-0872-4F90-9470-E0C83E27406E}.AppStore|Any CPU.Deploy.0 = Debug|x86
		{BB5B2356-0872-4F90-9470-E0C83E27406E}.AppStore|ARM.ActiveCfg = Debug|ARM
		{BB5B2356-0872-4F90-9470-E0C83E27406E}.AppStore|ARM.Build.0 = Debug|ARM
		{BB5B2356-0872-4F90-9470-E0C83E27406E}.AppStore|ARM.Deploy.0 = Debug|ARM
		{BB5B2356-0872-4F90-9470-E0C83E27406E}.AppStore|ARM64.ActiveCfg = Debug|ARM64
		{BB5B2356-0872-4F90-9470-E0C83E27406E}.AppStore|ARM64.Build.0 = Debug|ARM64
		{BB5B2356-0872-4F90-9470-E0C83E27406E}.AppStore|ARM64.Deploy.0 = Debug|ARM64
		{BB5B2356-0872-4F90-9470-E0C83E27406E}.AppStore|iPhone.ActiveCfg = Debug|x86
		{BB5B2356-0872-4F90-9470-E0C83E27406E}.AppStore|iPhone.Build.0 = Debug|x86
		{BB5B2356-0872-4F90-9470-E0C83E27406E}.AppStore|iPhone.Deploy.0 = Debug|x86
		{BB5B2356-0872-4F90-9470-E0C83E27406E}.AppStore|iPhoneSimulator.ActiveCfg = Debug|x86
		{BB5B2356-0872-4F90-9470-E0C83E27406E}.AppStore|iPhoneSimulator.Build.0 = Debug|x86
		{BB5B2356-0872-4F90-9470-E0C83E27406E}.AppStore|iPhoneSimulator.Deploy.0 = Debug|x86
		{BB5B2356-0872-4F90-9470-E0C83E27406E}.AppStore|x64.ActiveCfg = Debug|x64
		{BB5B2356-0872-4F90-9470-E0C83E27406E}.AppStore|x64.Build.0 = Debug|x64
		{BB5B2356-0872-4F90-9470-E0C83E27406E}.AppStore|x64.Deploy.0 = Debug|x64
		{BB5B2356-0872-4F90-9470-E0C83E27406E}.AppStore|x86.ActiveCfg = Debug|x86
		{BB5B2356-0872-4F90-9470-E0C83E27406E}.AppStore|x86.Build.0 = Debug|x86
		{BB5B2356-0872-4F90-9470-E0C83E27406E}.AppStore|x86.Deploy.0 = Debug|x86
		{BB5B2356-0872-4F90-9470-E0C83E27406E}.Debug|Any CPU.ActiveCfg = Debug|x86
		{BB5B2356-0872-4F90-9470-E0C83E27406E}.Debug|Any CPU.Build.0 = Debug|x86
		{BB5B2356-0872-4F90-9470-E0C83E27406E}.Debug|Any CPU.Deploy.0 = Debug|x86
		{BB5B2356-0872-4F90-9470-E0C83E27406E}.Debug|ARM.ActiveCfg = Debug|ARM
		{BB5B2356-0872-4F90-9470-E0C83E27406E}.Debug|ARM.Build.0 = Debug|ARM
		{BB5B2356-0872-4F90-9470-E0C83E27406E}.Debug|ARM.Deploy.0 = Debug|ARM
		{BB5B2356-0872-4F90-9470-E0C83E27406E}.Debug|ARM64.ActiveCfg = Debug|ARM64
		{BB5B2356-0872-4F90-9470-E0C83E27406E}.Debug|ARM64.Build.0 = Debug|ARM64
		{BB5B2356-0872-4F90-9470-E0C83E27406E}.Debug|ARM64.Deploy.0 = Debug|ARM64
		{BB5B2356-0872-4F90-9470-E0C83E27406E}.Debug|iPhone.ActiveCfg = Debug|x86
		{BB5B2356-0872-4F90-9470-E0C83E27406E}.Debug|iPhoneSimulator.ActiveCfg = Debug|x86
		{BB5B2356-0872-4F90-9470-E0C83E27406E}.Debug|iPhoneSimulator.Build.0 = Debug|x86
		{BB5B2356-0872-4F90-9470-E0C83E27406E}.Debug|iPhoneSimulator.Deploy.0 = Debug|x86
		{BB5B2356-0872-4F90-9470-E0C83E27406E}.Debug|x64.ActiveCfg = Debug|x64
		{BB5B2356-0872-4F90-9470-E0C83E27406E}.Debug|x64.Build.0 = Debug|x64
		{BB5B2356-0872-4F90-9470-E0C83E27406E}.Debug|x64.Deploy.0 = Debug|x64
		{BB5B2356-0872-4F90-9470-E0C83E27406E}.Debug|x86.ActiveCfg = Debug|x86
		{BB5B2356-0872-4F90-9470-E0C83E27406E}.Debug|x86.Build.0 = Debug|x86
		{BB5B2356-0872-4F90-9470-E0C83E27406E}.Debug|x86.Deploy.0 = Debug|x86
		{BB5B2356-0872-4F90-9470-E0C83E27406E}.Release|Any CPU.ActiveCfg = Release|x86
		{BB5B2356-0872-4F90-9470-E0C83E27406E}.Release|ARM.ActiveCfg = Release|ARM
		{BB5B2356-0872-4F90-9470-E0C83E27406E}.Release|ARM.Build.0 = Release|ARM
		{BB5B2356-0872-4F90-9470-E0C83E27406E}.Release|ARM.Deploy.0 = Release|ARM
		{BB5B2356-0872-4F90-9470-E0C83E27406E}.Release|ARM64.ActiveCfg = Release|ARM64
		{BB5B2356-0872-4F90-9470-E0C83E27406E}.Release|ARM64.Build.0 = Release|ARM64
		{BB5B2356-0872-4F90-9470-E0C83E27406E}.Release|ARM64.Deploy.0 = Release|ARM64
		{BB5B2356-0872-4F90-9470-E0C83E27406E}.Release|iPhone.ActiveCfg = Release|x86
		{BB5B2356-0872-4F90-9470-E0C83E27406E}.Release|iPhoneSimulator.ActiveCfg = Release|x86
		{BB5B2356-0872-4F90-9470-E0C83E27406E}.Release|x64.ActiveCfg = Release|x64
		{BB5B2356-0872-4F90-9470-E0C83E27406E}.Release|x64.Build.0 = Release|x64
		{BB5B2356-0872-4F90-9470-E0C83E27406E}.Release|x64.Deploy.0 = Release|x64
		{BB5B2356-0872-4F90-9470-E0C83E27406E}.Release|x86.ActiveCfg = Release|x86
		{BB5B2356-0872-4F90-9470-E0C83E27406E}.Release|x86.Build.0 = Release|x86
		{BB5B2356-0872-4F90-9470-E0C83E27406E}.Release|x86.Deploy.0 = Release|x86
		{BB183DB6-E9FB-490B-8FB8-11A9C2364724}.Ad-Hoc|Any CPU.ActiveCfg = Debug|Any CPU
		{BB183DB6-E9FB-490B-8FB8-11A9C2364724}.Ad-Hoc|Any CPU.Build.0 = Debug|Any CPU
		{BB183DB6-E9FB-490B-8FB8-11A9C2364724}.Ad-Hoc|ARM.ActiveCfg = Debug|Any CPU
		{BB183DB6-E9FB-490B-8FB8-11A9C2364724}.Ad-Hoc|ARM.Build.0 = Debug|Any CPU
		{BB183DB6-E9FB-490B-8FB8-11A9C2364724}.Ad-Hoc|ARM64.ActiveCfg = Debug|Any CPU
		{BB183DB6-E9FB-490B-8FB8-11A9C2364724}.Ad-Hoc|ARM64.Build.0 = Debug|Any CPU
		{BB183DB6-E9FB-490B-8FB8-11A9C2364724}.Ad-Hoc|iPhone.ActiveCfg = Debug|Any CPU
		{BB183DB6-E9FB-490B-8FB8-11A9C2364724}.Ad-Hoc|iPhone.Build.0 = Debug|Any CPU
		{BB183DB6-E9FB-490B-8FB8-11A9C2364724}.Ad-Hoc|iPhoneSimulator.ActiveCfg = Debug|Any CPU
		{BB183DB6-E9FB-490B-8FB8-11A9C2364724}.Ad-Hoc|iPhoneSimulator.Build.0 = Debug|Any CPU
		{BB183DB6-E9FB-490B-8FB8-11A9C2364724}.Ad-Hoc|x64.ActiveCfg = Debug|Any CPU
		{BB183DB6-E9FB-490B-8FB8-11A9C2364724}.Ad-Hoc|x64.Build.0 = Debug|Any CPU
		{BB183DB6-E9FB-490B-8FB8-11A9C2364724}.Ad-Hoc|x86.ActiveCfg = Debug|Any CPU
		{BB183DB6-E9FB-490B-8FB8-11A9C2364724}.Ad-Hoc|x86.Build.0 = Debug|Any CPU
		{BB183DB6-E9FB-490B-8FB8-11A9C2364724}.AppStore|Any CPU.ActiveCfg = Debug|Any CPU
		{BB183DB6-E9FB-490B-8FB8-11A9C2364724}.AppStore|Any CPU.Build.0 = Debug|Any CPU
		{BB183DB6-E9FB-490B-8FB8-11A9C2364724}.AppStore|ARM.ActiveCfg = Debug|Any CPU
		{BB183DB6-E9FB-490B-8FB8-11A9C2364724}.AppStore|ARM.Build.0 = Debug|Any CPU
		{BB183DB6-E9FB-490B-8FB8-11A9C2364724}.AppStore|ARM64.ActiveCfg = Debug|Any CPU
		{BB183DB6-E9FB-490B-8FB8-11A9C2364724}.AppStore|ARM64.Build.0 = Debug|Any CPU
		{BB183DB6-E9FB-490B-8FB8-11A9C2364724}.AppStore|iPhone.ActiveCfg = Debug|Any CPU
		{BB183DB6-E9FB-490B-8FB8-11A9C2364724}.AppStore|iPhone.Build.0 = Debug|Any CPU
		{BB183DB6-E9FB-490B-8FB8-11A9C2364724}.AppStore|iPhoneSimulator.ActiveCfg = Debug|Any CPU
		{BB183DB6-E9FB-490B-8FB8-11A9C2364724}.AppStore|iPhoneSimulator.Build.0 = Debug|Any CPU
		{BB183DB6-E9FB-490B-8FB8-11A9C2364724}.AppStore|x64.ActiveCfg = Debug|Any CPU
		{BB183DB6-E9FB-490B-8FB8-11A9C2364724}.AppStore|x64.Build.0 = Debug|Any CPU
		{BB183DB6-E9FB-490B-8FB8-11A9C2364724}.AppStore|x86.ActiveCfg = Debug|Any CPU
		{BB183DB6-E9FB-490B-8FB8-11A9C2364724}.AppStore|x86.Build.0 = Debug|Any CPU
		{BB183DB6-E9FB-490B-8FB8-11A9C2364724}.Debug|Any CPU.ActiveCfg = Debug|Any CPU
		{BB183DB6-E9FB-490B-8FB8-11A9C2364724}.Debug|Any CPU.Build.0 = Debug|Any CPU
		{BB183DB6-E9FB-490B-8FB8-11A9C2364724}.Debug|ARM.ActiveCfg = Debug|Any CPU
		{BB183DB6-E9FB-490B-8FB8-11A9C2364724}.Debug|ARM.Build.0 = Debug|Any CPU
		{BB183DB6-E9FB-490B-8FB8-11A9C2364724}.Debug|ARM64.ActiveCfg = Debug|Any CPU
		{BB183DB6-E9FB-490B-8FB8-11A9C2364724}.Debug|ARM64.Build.0 = Debug|Any CPU
		{BB183DB6-E9FB-490B-8FB8-11A9C2364724}.Debug|iPhone.ActiveCfg = Debug|Any CPU
		{BB183DB6-E9FB-490B-8FB8-11A9C2364724}.Debug|iPhone.Build.0 = Debug|Any CPU
		{BB183DB6-E9FB-490B-8FB8-11A9C2364724}.Debug|iPhoneSimulator.ActiveCfg = Debug|Any CPU
		{BB183DB6-E9FB-490B-8FB8-11A9C2364724}.Debug|iPhoneSimulator.Build.0 = Debug|Any CPU
		{BB183DB6-E9FB-490B-8FB8-11A9C2364724}.Debug|x64.ActiveCfg = Debug|Any CPU
		{BB183DB6-E9FB-490B-8FB8-11A9C2364724}.Debug|x64.Build.0 = Debug|Any CPU
		{BB183DB6-E9FB-490B-8FB8-11A9C2364724}.Debug|x86.ActiveCfg = Debug|Any CPU
		{BB183DB6-E9FB-490B-8FB8-11A9C2364724}.Debug|x86.Build.0 = Debug|Any CPU
		{BB183DB6-E9FB-490B-8FB8-11A9C2364724}.Release|Any CPU.ActiveCfg = Release|Any CPU
		{BB183DB6-E9FB-490B-8FB8-11A9C2364724}.Release|Any CPU.Build.0 = Release|Any CPU
		{BB183DB6-E9FB-490B-8FB8-11A9C2364724}.Release|ARM.ActiveCfg = Release|Any CPU
		{BB183DB6-E9FB-490B-8FB8-11A9C2364724}.Release|ARM.Build.0 = Release|Any CPU
		{BB183DB6-E9FB-490B-8FB8-11A9C2364724}.Release|ARM64.ActiveCfg = Release|Any CPU
		{BB183DB6-E9FB-490B-8FB8-11A9C2364724}.Release|ARM64.Build.0 = Release|Any CPU
		{BB183DB6-E9FB-490B-8FB8-11A9C2364724}.Release|iPhone.ActiveCfg = Release|Any CPU
		{BB183DB6-E9FB-490B-8FB8-11A9C2364724}.Release|iPhone.Build.0 = Release|Any CPU
		{BB183DB6-E9FB-490B-8FB8-11A9C2364724}.Release|iPhoneSimulator.ActiveCfg = Release|Any CPU
		{BB183DB6-E9FB-490B-8FB8-11A9C2364724}.Release|iPhoneSimulator.Build.0 = Release|Any CPU
		{BB183DB6-E9FB-490B-8FB8-11A9C2364724}.Release|x64.ActiveCfg = Release|Any CPU
		{BB183DB6-E9FB-490B-8FB8-11A9C2364724}.Release|x64.Build.0 = Release|Any CPU
		{BB183DB6-E9FB-490B-8FB8-11A9C2364724}.Release|x86.ActiveCfg = Release|Any CPU
		{BB183DB6-E9FB-490B-8FB8-11A9C2364724}.Release|x86.Build.0 = Release|Any CPU
		{7496A4C1-F0A0-428A-94BC-C5A390C45723}.Ad-Hoc|Any CPU.ActiveCfg = Debug|iPhoneSimulator
		{7496A4C1-F0A0-428A-94BC-C5A390C45723}.Ad-Hoc|Any CPU.Build.0 = Debug|iPhoneSimulator
		{7496A4C1-F0A0-428A-94BC-C5A390C45723}.Ad-Hoc|ARM.ActiveCfg = Debug|iPhoneSimulator
		{7496A4C1-F0A0-428A-94BC-C5A390C45723}.Ad-Hoc|ARM.Build.0 = Debug|iPhoneSimulator
		{7496A4C1-F0A0-428A-94BC-C5A390C45723}.Ad-Hoc|ARM64.ActiveCfg = Debug|iPhoneSimulator
		{7496A4C1-F0A0-428A-94BC-C5A390C45723}.Ad-Hoc|ARM64.Build.0 = Debug|iPhoneSimulator
		{7496A4C1-F0A0-428A-94BC-C5A390C45723}.Ad-Hoc|iPhone.ActiveCfg = Debug|iPhoneSimulator
		{7496A4C1-F0A0-428A-94BC-C5A390C45723}.Ad-Hoc|iPhone.Build.0 = Debug|iPhoneSimulator
		{7496A4C1-F0A0-428A-94BC-C5A390C45723}.Ad-Hoc|iPhoneSimulator.ActiveCfg = Debug|iPhoneSimulator
		{7496A4C1-F0A0-428A-94BC-C5A390C45723}.Ad-Hoc|iPhoneSimulator.Build.0 = Debug|iPhoneSimulator
		{7496A4C1-F0A0-428A-94BC-C5A390C45723}.Ad-Hoc|x64.ActiveCfg = Debug|iPhoneSimulator
		{7496A4C1-F0A0-428A-94BC-C5A390C45723}.Ad-Hoc|x64.Build.0 = Debug|iPhoneSimulator
		{7496A4C1-F0A0-428A-94BC-C5A390C45723}.Ad-Hoc|x86.ActiveCfg = Debug|iPhoneSimulator
		{7496A4C1-F0A0-428A-94BC-C5A390C45723}.Ad-Hoc|x86.Build.0 = Debug|iPhoneSimulator
		{7496A4C1-F0A0-428A-94BC-C5A390C45723}.AppStore|Any CPU.ActiveCfg = Debug|iPhoneSimulator
		{7496A4C1-F0A0-428A-94BC-C5A390C45723}.AppStore|Any CPU.Build.0 = Debug|iPhoneSimulator
		{7496A4C1-F0A0-428A-94BC-C5A390C45723}.AppStore|ARM.ActiveCfg = Debug|iPhoneSimulator
		{7496A4C1-F0A0-428A-94BC-C5A390C45723}.AppStore|ARM.Build.0 = Debug|iPhoneSimulator
		{7496A4C1-F0A0-428A-94BC-C5A390C45723}.AppStore|ARM64.ActiveCfg = Debug|iPhoneSimulator
		{7496A4C1-F0A0-428A-94BC-C5A390C45723}.AppStore|ARM64.Build.0 = Debug|iPhoneSimulator
		{7496A4C1-F0A0-428A-94BC-C5A390C45723}.AppStore|iPhone.ActiveCfg = Debug|iPhoneSimulator
		{7496A4C1-F0A0-428A-94BC-C5A390C45723}.AppStore|iPhone.Build.0 = Debug|iPhoneSimulator
		{7496A4C1-F0A0-428A-94BC-C5A390C45723}.AppStore|iPhoneSimulator.ActiveCfg = Debug|iPhoneSimulator
		{7496A4C1-F0A0-428A-94BC-C5A390C45723}.AppStore|iPhoneSimulator.Build.0 = Debug|iPhoneSimulator
		{7496A4C1-F0A0-428A-94BC-C5A390C45723}.AppStore|x64.ActiveCfg = Debug|iPhoneSimulator
		{7496A4C1-F0A0-428A-94BC-C5A390C45723}.AppStore|x64.Build.0 = Debug|iPhoneSimulator
		{7496A4C1-F0A0-428A-94BC-C5A390C45723}.AppStore|x86.ActiveCfg = Debug|iPhoneSimulator
		{7496A4C1-F0A0-428A-94BC-C5A390C45723}.AppStore|x86.Build.0 = Debug|iPhoneSimulator
		{7496A4C1-F0A0-428A-94BC-C5A390C45723}.Debug|Any CPU.ActiveCfg = Debug|iPhoneSimulator
		{7496A4C1-F0A0-428A-94BC-C5A390C45723}.Debug|ARM.ActiveCfg = Debug|iPhoneSimulator
		{7496A4C1-F0A0-428A-94BC-C5A390C45723}.Debug|ARM64.ActiveCfg = Debug|iPhoneSimulator
		{7496A4C1-F0A0-428A-94BC-C5A390C45723}.Debug|iPhone.ActiveCfg = Debug|iPhoneSimulator
		{7496A4C1-F0A0-428A-94BC-C5A390C45723}.Debug|iPhoneSimulator.ActiveCfg = Debug|iPhoneSimulator
		{7496A4C1-F0A0-428A-94BC-C5A390C45723}.Debug|iPhoneSimulator.Build.0 = Debug|iPhoneSimulator
		{7496A4C1-F0A0-428A-94BC-C5A390C45723}.Debug|x64.ActiveCfg = Debug|iPhoneSimulator
		{7496A4C1-F0A0-428A-94BC-C5A390C45723}.Debug|x86.ActiveCfg = Debug|iPhoneSimulator
		{7496A4C1-F0A0-428A-94BC-C5A390C45723}.Release|Any CPU.ActiveCfg = Release|iPhoneSimulator
		{7496A4C1-F0A0-428A-94BC-C5A390C45723}.Release|ARM.ActiveCfg = Release|iPhoneSimulator
		{7496A4C1-F0A0-428A-94BC-C5A390C45723}.Release|ARM64.ActiveCfg = Release|iPhoneSimulator
		{7496A4C1-F0A0-428A-94BC-C5A390C45723}.Release|iPhone.ActiveCfg = Release|iPhoneSimulator
		{7496A4C1-F0A0-428A-94BC-C5A390C45723}.Release|iPhoneSimulator.ActiveCfg = Release|iPhoneSimulator
		{7496A4C1-F0A0-428A-94BC-C5A390C45723}.Release|iPhoneSimulator.Build.0 = Release|iPhoneSimulator
		{7496A4C1-F0A0-428A-94BC-C5A390C45723}.Release|x64.ActiveCfg = Release|iPhoneSimulator
		{7496A4C1-F0A0-428A-94BC-C5A390C45723}.Release|x86.ActiveCfg = Release|iPhoneSimulator
		{2FFD399B-C5AF-425C-B6B3-AEF745414E01}.Ad-Hoc|Any CPU.ActiveCfg = Debug|Any CPU
		{2FFD399B-C5AF-425C-B6B3-AEF745414E01}.Ad-Hoc|Any CPU.Build.0 = Debug|Any CPU
		{2FFD399B-C5AF-425C-B6B3-AEF745414E01}.Ad-Hoc|ARM.ActiveCfg = Debug|Any CPU
		{2FFD399B-C5AF-425C-B6B3-AEF745414E01}.Ad-Hoc|ARM.Build.0 = Debug|Any CPU
		{2FFD399B-C5AF-425C-B6B3-AEF745414E01}.Ad-Hoc|ARM64.ActiveCfg = Debug|Any CPU
		{2FFD399B-C5AF-425C-B6B3-AEF745414E01}.Ad-Hoc|ARM64.Build.0 = Debug|Any CPU
		{2FFD399B-C5AF-425C-B6B3-AEF745414E01}.Ad-Hoc|iPhone.ActiveCfg = Debug|Any CPU
		{2FFD399B-C5AF-425C-B6B3-AEF745414E01}.Ad-Hoc|iPhone.Build.0 = Debug|Any CPU
		{2FFD399B-C5AF-425C-B6B3-AEF745414E01}.Ad-Hoc|iPhoneSimulator.ActiveCfg = Debug|Any CPU
		{2FFD399B-C5AF-425C-B6B3-AEF745414E01}.Ad-Hoc|iPhoneSimulator.Build.0 = Debug|Any CPU
		{2FFD399B-C5AF-425C-B6B3-AEF745414E01}.Ad-Hoc|x64.ActiveCfg = Debug|Any CPU
		{2FFD399B-C5AF-425C-B6B3-AEF745414E01}.Ad-Hoc|x64.Build.0 = Debug|Any CPU
		{2FFD399B-C5AF-425C-B6B3-AEF745414E01}.Ad-Hoc|x86.ActiveCfg = Debug|Any CPU
		{2FFD399B-C5AF-425C-B6B3-AEF745414E01}.Ad-Hoc|x86.Build.0 = Debug|Any CPU
		{2FFD399B-C5AF-425C-B6B3-AEF745414E01}.AppStore|Any CPU.ActiveCfg = Debug|Any CPU
		{2FFD399B-C5AF-425C-B6B3-AEF745414E01}.AppStore|Any CPU.Build.0 = Debug|Any CPU
		{2FFD399B-C5AF-425C-B6B3-AEF745414E01}.AppStore|ARM.ActiveCfg = Debug|Any CPU
		{2FFD399B-C5AF-425C-B6B3-AEF745414E01}.AppStore|ARM.Build.0 = Debug|Any CPU
		{2FFD399B-C5AF-425C-B6B3-AEF745414E01}.AppStore|ARM64.ActiveCfg = Debug|Any CPU
		{2FFD399B-C5AF-425C-B6B3-AEF745414E01}.AppStore|ARM64.Build.0 = Debug|Any CPU
		{2FFD399B-C5AF-425C-B6B3-AEF745414E01}.AppStore|iPhone.ActiveCfg = Debug|Any CPU
		{2FFD399B-C5AF-425C-B6B3-AEF745414E01}.AppStore|iPhone.Build.0 = Debug|Any CPU
		{2FFD399B-C5AF-425C-B6B3-AEF745414E01}.AppStore|iPhoneSimulator.ActiveCfg = Debug|Any CPU
		{2FFD399B-C5AF-425C-B6B3-AEF745414E01}.AppStore|iPhoneSimulator.Build.0 = Debug|Any CPU
		{2FFD399B-C5AF-425C-B6B3-AEF745414E01}.AppStore|x64.ActiveCfg = Debug|Any CPU
		{2FFD399B-C5AF-425C-B6B3-AEF745414E01}.AppStore|x64.Build.0 = Debug|Any CPU
		{2FFD399B-C5AF-425C-B6B3-AEF745414E01}.AppStore|x86.ActiveCfg = Debug|Any CPU
		{2FFD399B-C5AF-425C-B6B3-AEF745414E01}.AppStore|x86.Build.0 = Debug|Any CPU
		{2FFD399B-C5AF-425C-B6B3-AEF745414E01}.Debug|Any CPU.ActiveCfg = Debug|Any CPU
		{2FFD399B-C5AF-425C-B6B3-AEF745414E01}.Debug|Any CPU.Build.0 = Debug|Any CPU
		{2FFD399B-C5AF-425C-B6B3-AEF745414E01}.Debug|ARM.ActiveCfg = Debug|Any CPU
		{2FFD399B-C5AF-425C-B6B3-AEF745414E01}.Debug|ARM.Build.0 = Debug|Any CPU
		{2FFD399B-C5AF-425C-B6B3-AEF745414E01}.Debug|ARM64.ActiveCfg = Debug|Any CPU
		{2FFD399B-C5AF-425C-B6B3-AEF745414E01}.Debug|ARM64.Build.0 = Debug|Any CPU
		{2FFD399B-C5AF-425C-B6B3-AEF745414E01}.Debug|iPhone.ActiveCfg = Debug|Any CPU
		{2FFD399B-C5AF-425C-B6B3-AEF745414E01}.Debug|iPhone.Build.0 = Debug|Any CPU
		{2FFD399B-C5AF-425C-B6B3-AEF745414E01}.Debug|iPhoneSimulator.ActiveCfg = Debug|Any CPU
		{2FFD399B-C5AF-425C-B6B3-AEF745414E01}.Debug|iPhoneSimulator.Build.0 = Debug|Any CPU
		{2FFD399B-C5AF-425C-B6B3-AEF745414E01}.Debug|x64.ActiveCfg = Debug|Any CPU
		{2FFD399B-C5AF-425C-B6B3-AEF745414E01}.Debug|x64.Build.0 = Debug|Any CPU
		{2FFD399B-C5AF-425C-B6B3-AEF745414E01}.Debug|x86.ActiveCfg = Debug|Any CPU
		{2FFD399B-C5AF-425C-B6B3-AEF745414E01}.Debug|x86.Build.0 = Debug|Any CPU
		{2FFD399B-C5AF-425C-B6B3-AEF745414E01}.Release|Any CPU.ActiveCfg = Release|Any CPU
		{2FFD399B-C5AF-425C-B6B3-AEF745414E01}.Release|Any CPU.Build.0 = Release|Any CPU
		{2FFD399B-C5AF-425C-B6B3-AEF745414E01}.Release|ARM.ActiveCfg = Release|Any CPU
		{2FFD399B-C5AF-425C-B6B3-AEF745414E01}.Release|ARM.Build.0 = Release|Any CPU
		{2FFD399B-C5AF-425C-B6B3-AEF745414E01}.Release|ARM64.ActiveCfg = Release|Any CPU
		{2FFD399B-C5AF-425C-B6B3-AEF745414E01}.Release|ARM64.Build.0 = Release|Any CPU
		{2FFD399B-C5AF-425C-B6B3-AEF745414E01}.Release|iPhone.ActiveCfg = Release|Any CPU
		{2FFD399B-C5AF-425C-B6B3-AEF745414E01}.Release|iPhone.Build.0 = Release|Any CPU
		{2FFD399B-C5AF-425C-B6B3-AEF745414E01}.Release|iPhoneSimulator.ActiveCfg = Release|Any CPU
		{2FFD399B-C5AF-425C-B6B3-AEF745414E01}.Release|iPhoneSimulator.Build.0 = Release|Any CPU
		{2FFD399B-C5AF-425C-B6B3-AEF745414E01}.Release|x64.ActiveCfg = Release|Any CPU
		{2FFD399B-C5AF-425C-B6B3-AEF745414E01}.Release|x64.Build.0 = Release|Any CPU
		{2FFD399B-C5AF-425C-B6B3-AEF745414E01}.Release|x86.ActiveCfg = Release|Any CPU
		{2FFD399B-C5AF-425C-B6B3-AEF745414E01}.Release|x86.Build.0 = Release|Any CPU
		{9D564A12-7932-4FA1-AB04-9AB07EC98D30}.Ad-Hoc|Any CPU.ActiveCfg = Debug|Any CPU
		{9D564A12-7932-4FA1-AB04-9AB07EC98D30}.Ad-Hoc|Any CPU.Build.0 = Debug|Any CPU
		{9D564A12-7932-4FA1-AB04-9AB07EC98D30}.Ad-Hoc|ARM.ActiveCfg = Debug|Any CPU
		{9D564A12-7932-4FA1-AB04-9AB07EC98D30}.Ad-Hoc|ARM.Build.0 = Debug|Any CPU
		{9D564A12-7932-4FA1-AB04-9AB07EC98D30}.Ad-Hoc|ARM64.ActiveCfg = Debug|Any CPU
		{9D564A12-7932-4FA1-AB04-9AB07EC98D30}.Ad-Hoc|ARM64.Build.0 = Debug|Any CPU
		{9D564A12-7932-4FA1-AB04-9AB07EC98D30}.Ad-Hoc|iPhone.ActiveCfg = Debug|Any CPU
		{9D564A12-7932-4FA1-AB04-9AB07EC98D30}.Ad-Hoc|iPhone.Build.0 = Debug|Any CPU
		{9D564A12-7932-4FA1-AB04-9AB07EC98D30}.Ad-Hoc|iPhoneSimulator.ActiveCfg = Debug|Any CPU
		{9D564A12-7932-4FA1-AB04-9AB07EC98D30}.Ad-Hoc|iPhoneSimulator.Build.0 = Debug|Any CPU
		{9D564A12-7932-4FA1-AB04-9AB07EC98D30}.Ad-Hoc|x64.ActiveCfg = Debug|Any CPU
		{9D564A12-7932-4FA1-AB04-9AB07EC98D30}.Ad-Hoc|x64.Build.0 = Debug|Any CPU
		{9D564A12-7932-4FA1-AB04-9AB07EC98D30}.Ad-Hoc|x86.ActiveCfg = Debug|Any CPU
		{9D564A12-7932-4FA1-AB04-9AB07EC98D30}.Ad-Hoc|x86.Build.0 = Debug|Any CPU
		{9D564A12-7932-4FA1-AB04-9AB07EC98D30}.AppStore|Any CPU.ActiveCfg = Debug|Any CPU
		{9D564A12-7932-4FA1-AB04-9AB07EC98D30}.AppStore|Any CPU.Build.0 = Debug|Any CPU
		{9D564A12-7932-4FA1-AB04-9AB07EC98D30}.AppStore|ARM.ActiveCfg = Debug|Any CPU
		{9D564A12-7932-4FA1-AB04-9AB07EC98D30}.AppStore|ARM.Build.0 = Debug|Any CPU
		{9D564A12-7932-4FA1-AB04-9AB07EC98D30}.AppStore|ARM64.ActiveCfg = Debug|Any CPU
		{9D564A12-7932-4FA1-AB04-9AB07EC98D30}.AppStore|ARM64.Build.0 = Debug|Any CPU
		{9D564A12-7932-4FA1-AB04-9AB07EC98D30}.AppStore|iPhone.ActiveCfg = Debug|Any CPU
		{9D564A12-7932-4FA1-AB04-9AB07EC98D30}.AppStore|iPhone.Build.0 = Debug|Any CPU
		{9D564A12-7932-4FA1-AB04-9AB07EC98D30}.AppStore|iPhoneSimulator.ActiveCfg = Debug|Any CPU
		{9D564A12-7932-4FA1-AB04-9AB07EC98D30}.AppStore|iPhoneSimulator.Build.0 = Debug|Any CPU
		{9D564A12-7932-4FA1-AB04-9AB07EC98D30}.AppStore|x64.ActiveCfg = Debug|Any CPU
		{9D564A12-7932-4FA1-AB04-9AB07EC98D30}.AppStore|x64.Build.0 = Debug|Any CPU
		{9D564A12-7932-4FA1-AB04-9AB07EC98D30}.AppStore|x86.ActiveCfg = Debug|Any CPU
		{9D564A12-7932-4FA1-AB04-9AB07EC98D30}.AppStore|x86.Build.0 = Debug|Any CPU
		{9D564A12-7932-4FA1-AB04-9AB07EC98D30}.Debug|Any CPU.ActiveCfg = Debug|Any CPU
		{9D564A12-7932-4FA1-AB04-9AB07EC98D30}.Debug|Any CPU.Build.0 = Debug|Any CPU
		{9D564A12-7932-4FA1-AB04-9AB07EC98D30}.Debug|ARM.ActiveCfg = Debug|Any CPU
		{9D564A12-7932-4FA1-AB04-9AB07EC98D30}.Debug|ARM.Build.0 = Debug|Any CPU
		{9D564A12-7932-4FA1-AB04-9AB07EC98D30}.Debug|ARM64.ActiveCfg = Debug|Any CPU
		{9D564A12-7932-4FA1-AB04-9AB07EC98D30}.Debug|ARM64.Build.0 = Debug|Any CPU
		{9D564A12-7932-4FA1-AB04-9AB07EC98D30}.Debug|iPhone.ActiveCfg = Debug|Any CPU
		{9D564A12-7932-4FA1-AB04-9AB07EC98D30}.Debug|iPhone.Build.0 = Debug|Any CPU
		{9D564A12-7932-4FA1-AB04-9AB07EC98D30}.Debug|iPhoneSimulator.ActiveCfg = Debug|Any CPU
		{9D564A12-7932-4FA1-AB04-9AB07EC98D30}.Debug|iPhoneSimulator.Build.0 = Debug|Any CPU
		{9D564A12-7932-4FA1-AB04-9AB07EC98D30}.Debug|x64.ActiveCfg = Debug|Any CPU
		{9D564A12-7932-4FA1-AB04-9AB07EC98D30}.Debug|x64.Build.0 = Debug|Any CPU
		{9D564A12-7932-4FA1-AB04-9AB07EC98D30}.Debug|x86.ActiveCfg = Debug|Any CPU
		{9D564A12-7932-4FA1-AB04-9AB07EC98D30}.Debug|x86.Build.0 = Debug|Any CPU
		{9D564A12-7932-4FA1-AB04-9AB07EC98D30}.Release|Any CPU.ActiveCfg = Release|Any CPU
		{9D564A12-7932-4FA1-AB04-9AB07EC98D30}.Release|Any CPU.Build.0 = Release|Any CPU
		{9D564A12-7932-4FA1-AB04-9AB07EC98D30}.Release|ARM.ActiveCfg = Release|Any CPU
		{9D564A12-7932-4FA1-AB04-9AB07EC98D30}.Release|ARM.Build.0 = Release|Any CPU
		{9D564A12-7932-4FA1-AB04-9AB07EC98D30}.Release|ARM64.ActiveCfg = Release|Any CPU
		{9D564A12-7932-4FA1-AB04-9AB07EC98D30}.Release|ARM64.Build.0 = Release|Any CPU
		{9D564A12-7932-4FA1-AB04-9AB07EC98D30}.Release|iPhone.ActiveCfg = Release|Any CPU
		{9D564A12-7932-4FA1-AB04-9AB07EC98D30}.Release|iPhone.Build.0 = Release|Any CPU
		{9D564A12-7932-4FA1-AB04-9AB07EC98D30}.Release|iPhoneSimulator.ActiveCfg = Release|Any CPU
		{9D564A12-7932-4FA1-AB04-9AB07EC98D30}.Release|iPhoneSimulator.Build.0 = Release|Any CPU
		{9D564A12-7932-4FA1-AB04-9AB07EC98D30}.Release|x64.ActiveCfg = Release|Any CPU
		{9D564A12-7932-4FA1-AB04-9AB07EC98D30}.Release|x64.Build.0 = Release|Any CPU
		{9D564A12-7932-4FA1-AB04-9AB07EC98D30}.Release|x86.ActiveCfg = Release|Any CPU
		{9D564A12-7932-4FA1-AB04-9AB07EC98D30}.Release|x86.Build.0 = Release|Any CPU
		{7EB2FEE0-9685-4598-844E-FD42CE94EE9F}.Ad-Hoc|Any CPU.ActiveCfg = Debug|Any CPU
		{7EB2FEE0-9685-4598-844E-FD42CE94EE9F}.Ad-Hoc|Any CPU.Build.0 = Debug|Any CPU
		{7EB2FEE0-9685-4598-844E-FD42CE94EE9F}.Ad-Hoc|ARM.ActiveCfg = Debug|Any CPU
		{7EB2FEE0-9685-4598-844E-FD42CE94EE9F}.Ad-Hoc|ARM.Build.0 = Debug|Any CPU
		{7EB2FEE0-9685-4598-844E-FD42CE94EE9F}.Ad-Hoc|ARM64.ActiveCfg = Debug|Any CPU
		{7EB2FEE0-9685-4598-844E-FD42CE94EE9F}.Ad-Hoc|ARM64.Build.0 = Debug|Any CPU
		{7EB2FEE0-9685-4598-844E-FD42CE94EE9F}.Ad-Hoc|iPhone.ActiveCfg = Debug|Any CPU
		{7EB2FEE0-9685-4598-844E-FD42CE94EE9F}.Ad-Hoc|iPhone.Build.0 = Debug|Any CPU
		{7EB2FEE0-9685-4598-844E-FD42CE94EE9F}.Ad-Hoc|iPhoneSimulator.ActiveCfg = Debug|Any CPU
		{7EB2FEE0-9685-4598-844E-FD42CE94EE9F}.Ad-Hoc|iPhoneSimulator.Build.0 = Debug|Any CPU
		{7EB2FEE0-9685-4598-844E-FD42CE94EE9F}.Ad-Hoc|x64.ActiveCfg = Debug|Any CPU
		{7EB2FEE0-9685-4598-844E-FD42CE94EE9F}.Ad-Hoc|x64.Build.0 = Debug|Any CPU
		{7EB2FEE0-9685-4598-844E-FD42CE94EE9F}.Ad-Hoc|x86.ActiveCfg = Debug|Any CPU
		{7EB2FEE0-9685-4598-844E-FD42CE94EE9F}.Ad-Hoc|x86.Build.0 = Debug|Any CPU
		{7EB2FEE0-9685-4598-844E-FD42CE94EE9F}.AppStore|Any CPU.ActiveCfg = Debug|Any CPU
		{7EB2FEE0-9685-4598-844E-FD42CE94EE9F}.AppStore|Any CPU.Build.0 = Debug|Any CPU
		{7EB2FEE0-9685-4598-844E-FD42CE94EE9F}.AppStore|ARM.ActiveCfg = Debug|Any CPU
		{7EB2FEE0-9685-4598-844E-FD42CE94EE9F}.AppStore|ARM.Build.0 = Debug|Any CPU
		{7EB2FEE0-9685-4598-844E-FD42CE94EE9F}.AppStore|ARM64.ActiveCfg = Debug|Any CPU
		{7EB2FEE0-9685-4598-844E-FD42CE94EE9F}.AppStore|ARM64.Build.0 = Debug|Any CPU
		{7EB2FEE0-9685-4598-844E-FD42CE94EE9F}.AppStore|iPhone.ActiveCfg = Debug|Any CPU
		{7EB2FEE0-9685-4598-844E-FD42CE94EE9F}.AppStore|iPhone.Build.0 = Debug|Any CPU
		{7EB2FEE0-9685-4598-844E-FD42CE94EE9F}.AppStore|iPhoneSimulator.ActiveCfg = Debug|Any CPU
		{7EB2FEE0-9685-4598-844E-FD42CE94EE9F}.AppStore|iPhoneSimulator.Build.0 = Debug|Any CPU
		{7EB2FEE0-9685-4598-844E-FD42CE94EE9F}.AppStore|x64.ActiveCfg = Debug|Any CPU
		{7EB2FEE0-9685-4598-844E-FD42CE94EE9F}.AppStore|x64.Build.0 = Debug|Any CPU
		{7EB2FEE0-9685-4598-844E-FD42CE94EE9F}.AppStore|x86.ActiveCfg = Debug|Any CPU
		{7EB2FEE0-9685-4598-844E-FD42CE94EE9F}.AppStore|x86.Build.0 = Debug|Any CPU
		{7EB2FEE0-9685-4598-844E-FD42CE94EE9F}.Debug|Any CPU.ActiveCfg = Debug|Any CPU
		{7EB2FEE0-9685-4598-844E-FD42CE94EE9F}.Debug|Any CPU.Build.0 = Debug|Any CPU
		{7EB2FEE0-9685-4598-844E-FD42CE94EE9F}.Debug|ARM.ActiveCfg = Debug|Any CPU
		{7EB2FEE0-9685-4598-844E-FD42CE94EE9F}.Debug|ARM.Build.0 = Debug|Any CPU
		{7EB2FEE0-9685-4598-844E-FD42CE94EE9F}.Debug|ARM64.ActiveCfg = Debug|Any CPU
		{7EB2FEE0-9685-4598-844E-FD42CE94EE9F}.Debug|ARM64.Build.0 = Debug|Any CPU
		{7EB2FEE0-9685-4598-844E-FD42CE94EE9F}.Debug|iPhone.ActiveCfg = Debug|Any CPU
		{7EB2FEE0-9685-4598-844E-FD42CE94EE9F}.Debug|iPhone.Build.0 = Debug|Any CPU
		{7EB2FEE0-9685-4598-844E-FD42CE94EE9F}.Debug|iPhoneSimulator.ActiveCfg = Debug|Any CPU
		{7EB2FEE0-9685-4598-844E-FD42CE94EE9F}.Debug|iPhoneSimulator.Build.0 = Debug|Any CPU
		{7EB2FEE0-9685-4598-844E-FD42CE94EE9F}.Debug|x64.ActiveCfg = Debug|Any CPU
		{7EB2FEE0-9685-4598-844E-FD42CE94EE9F}.Debug|x64.Build.0 = Debug|Any CPU
		{7EB2FEE0-9685-4598-844E-FD42CE94EE9F}.Debug|x86.ActiveCfg = Debug|Any CPU
		{7EB2FEE0-9685-4598-844E-FD42CE94EE9F}.Debug|x86.Build.0 = Debug|Any CPU
		{7EB2FEE0-9685-4598-844E-FD42CE94EE9F}.Release|Any CPU.ActiveCfg = Release|Any CPU
		{7EB2FEE0-9685-4598-844E-FD42CE94EE9F}.Release|Any CPU.Build.0 = Release|Any CPU
		{7EB2FEE0-9685-4598-844E-FD42CE94EE9F}.Release|ARM.ActiveCfg = Release|Any CPU
		{7EB2FEE0-9685-4598-844E-FD42CE94EE9F}.Release|ARM.Build.0 = Release|Any CPU
		{7EB2FEE0-9685-4598-844E-FD42CE94EE9F}.Release|ARM64.ActiveCfg = Release|Any CPU
		{7EB2FEE0-9685-4598-844E-FD42CE94EE9F}.Release|ARM64.Build.0 = Release|Any CPU
		{7EB2FEE0-9685-4598-844E-FD42CE94EE9F}.Release|iPhone.ActiveCfg = Release|Any CPU
		{7EB2FEE0-9685-4598-844E-FD42CE94EE9F}.Release|iPhone.Build.0 = Release|Any CPU
		{7EB2FEE0-9685-4598-844E-FD42CE94EE9F}.Release|iPhoneSimulator.ActiveCfg = Release|Any CPU
		{7EB2FEE0-9685-4598-844E-FD42CE94EE9F}.Release|iPhoneSimulator.Build.0 = Release|Any CPU
		{7EB2FEE0-9685-4598-844E-FD42CE94EE9F}.Release|x64.ActiveCfg = Release|Any CPU
		{7EB2FEE0-9685-4598-844E-FD42CE94EE9F}.Release|x64.Build.0 = Release|Any CPU
		{7EB2FEE0-9685-4598-844E-FD42CE94EE9F}.Release|x86.ActiveCfg = Release|Any CPU
		{7EB2FEE0-9685-4598-844E-FD42CE94EE9F}.Release|x86.Build.0 = Release|Any CPU
		{AC174B74-73FB-4EB5-B024-B526118309A5}.Ad-Hoc|Any CPU.ActiveCfg = Debug|Any CPU
		{AC174B74-73FB-4EB5-B024-B526118309A5}.Ad-Hoc|Any CPU.Build.0 = Debug|Any CPU
		{AC174B74-73FB-4EB5-B024-B526118309A5}.Ad-Hoc|ARM.ActiveCfg = Debug|Any CPU
		{AC174B74-73FB-4EB5-B024-B526118309A5}.Ad-Hoc|ARM.Build.0 = Debug|Any CPU
		{AC174B74-73FB-4EB5-B024-B526118309A5}.Ad-Hoc|ARM64.ActiveCfg = Debug|Any CPU
		{AC174B74-73FB-4EB5-B024-B526118309A5}.Ad-Hoc|ARM64.Build.0 = Debug|Any CPU
		{AC174B74-73FB-4EB5-B024-B526118309A5}.Ad-Hoc|iPhone.ActiveCfg = Debug|Any CPU
		{AC174B74-73FB-4EB5-B024-B526118309A5}.Ad-Hoc|iPhone.Build.0 = Debug|Any CPU
		{AC174B74-73FB-4EB5-B024-B526118309A5}.Ad-Hoc|iPhoneSimulator.ActiveCfg = Debug|Any CPU
		{AC174B74-73FB-4EB5-B024-B526118309A5}.Ad-Hoc|iPhoneSimulator.Build.0 = Debug|Any CPU
		{AC174B74-73FB-4EB5-B024-B526118309A5}.Ad-Hoc|x64.ActiveCfg = Debug|Any CPU
		{AC174B74-73FB-4EB5-B024-B526118309A5}.Ad-Hoc|x64.Build.0 = Debug|Any CPU
		{AC174B74-73FB-4EB5-B024-B526118309A5}.Ad-Hoc|x86.ActiveCfg = Debug|Any CPU
		{AC174B74-73FB-4EB5-B024-B526118309A5}.Ad-Hoc|x86.Build.0 = Debug|Any CPU
		{AC174B74-73FB-4EB5-B024-B526118309A5}.AppStore|Any CPU.ActiveCfg = Debug|Any CPU
		{AC174B74-73FB-4EB5-B024-B526118309A5}.AppStore|Any CPU.Build.0 = Debug|Any CPU
		{AC174B74-73FB-4EB5-B024-B526118309A5}.AppStore|ARM.ActiveCfg = Debug|Any CPU
		{AC174B74-73FB-4EB5-B024-B526118309A5}.AppStore|ARM.Build.0 = Debug|Any CPU
		{AC174B74-73FB-4EB5-B024-B526118309A5}.AppStore|ARM64.ActiveCfg = Debug|Any CPU
		{AC174B74-73FB-4EB5-B024-B526118309A5}.AppStore|ARM64.Build.0 = Debug|Any CPU
		{AC174B74-73FB-4EB5-B024-B526118309A5}.AppStore|iPhone.ActiveCfg = Debug|Any CPU
		{AC174B74-73FB-4EB5-B024-B526118309A5}.AppStore|iPhone.Build.0 = Debug|Any CPU
		{AC174B74-73FB-4EB5-B024-B526118309A5}.AppStore|iPhoneSimulator.ActiveCfg = Debug|Any CPU
		{AC174B74-73FB-4EB5-B024-B526118309A5}.AppStore|iPhoneSimulator.Build.0 = Debug|Any CPU
		{AC174B74-73FB-4EB5-B024-B526118309A5}.AppStore|x64.ActiveCfg = Debug|Any CPU
		{AC174B74-73FB-4EB5-B024-B526118309A5}.AppStore|x64.Build.0 = Debug|Any CPU
		{AC174B74-73FB-4EB5-B024-B526118309A5}.AppStore|x86.ActiveCfg = Debug|Any CPU
		{AC174B74-73FB-4EB5-B024-B526118309A5}.AppStore|x86.Build.0 = Debug|Any CPU
		{AC174B74-73FB-4EB5-B024-B526118309A5}.Debug|Any CPU.ActiveCfg = Debug|Any CPU
		{AC174B74-73FB-4EB5-B024-B526118309A5}.Debug|Any CPU.Build.0 = Debug|Any CPU
		{AC174B74-73FB-4EB5-B024-B526118309A5}.Debug|ARM.ActiveCfg = Debug|Any CPU
		{AC174B74-73FB-4EB5-B024-B526118309A5}.Debug|ARM.Build.0 = Debug|Any CPU
		{AC174B74-73FB-4EB5-B024-B526118309A5}.Debug|ARM64.ActiveCfg = Debug|Any CPU
		{AC174B74-73FB-4EB5-B024-B526118309A5}.Debug|ARM64.Build.0 = Debug|Any CPU
		{AC174B74-73FB-4EB5-B024-B526118309A5}.Debug|iPhone.ActiveCfg = Debug|Any CPU
		{AC174B74-73FB-4EB5-B024-B526118309A5}.Debug|iPhone.Build.0 = Debug|Any CPU
		{AC174B74-73FB-4EB5-B024-B526118309A5}.Debug|iPhoneSimulator.ActiveCfg = Debug|Any CPU
		{AC174B74-73FB-4EB5-B024-B526118309A5}.Debug|iPhoneSimulator.Build.0 = Debug|Any CPU
		{AC174B74-73FB-4EB5-B024-B526118309A5}.Debug|x64.ActiveCfg = Debug|Any CPU
		{AC174B74-73FB-4EB5-B024-B526118309A5}.Debug|x64.Build.0 = Debug|Any CPU
		{AC174B74-73FB-4EB5-B024-B526118309A5}.Debug|x86.ActiveCfg = Debug|Any CPU
		{AC174B74-73FB-4EB5-B024-B526118309A5}.Debug|x86.Build.0 = Debug|Any CPU
		{AC174B74-73FB-4EB5-B024-B526118309A5}.Release|Any CPU.ActiveCfg = Release|Any CPU
		{AC174B74-73FB-4EB5-B024-B526118309A5}.Release|Any CPU.Build.0 = Release|Any CPU
		{AC174B74-73FB-4EB5-B024-B526118309A5}.Release|ARM.ActiveCfg = Release|Any CPU
		{AC174B74-73FB-4EB5-B024-B526118309A5}.Release|ARM.Build.0 = Release|Any CPU
		{AC174B74-73FB-4EB5-B024-B526118309A5}.Release|ARM64.ActiveCfg = Release|Any CPU
		{AC174B74-73FB-4EB5-B024-B526118309A5}.Release|ARM64.Build.0 = Release|Any CPU
		{AC174B74-73FB-4EB5-B024-B526118309A5}.Release|iPhone.ActiveCfg = Release|Any CPU
		{AC174B74-73FB-4EB5-B024-B526118309A5}.Release|iPhone.Build.0 = Release|Any CPU
		{AC174B74-73FB-4EB5-B024-B526118309A5}.Release|iPhoneSimulator.ActiveCfg = Release|Any CPU
		{AC174B74-73FB-4EB5-B024-B526118309A5}.Release|iPhoneSimulator.Build.0 = Release|Any CPU
		{AC174B74-73FB-4EB5-B024-B526118309A5}.Release|x64.ActiveCfg = Release|Any CPU
		{AC174B74-73FB-4EB5-B024-B526118309A5}.Release|x64.Build.0 = Release|Any CPU
		{AC174B74-73FB-4EB5-B024-B526118309A5}.Release|x86.ActiveCfg = Release|Any CPU
		{AC174B74-73FB-4EB5-B024-B526118309A5}.Release|x86.Build.0 = Release|Any CPU
		{52E848E5-8337-45E4-8692-E839ED294CBA}.Ad-Hoc|Any CPU.ActiveCfg = Debug|Any CPU
		{52E848E5-8337-45E4-8692-E839ED294CBA}.Ad-Hoc|Any CPU.Build.0 = Debug|Any CPU
		{52E848E5-8337-45E4-8692-E839ED294CBA}.Ad-Hoc|ARM.ActiveCfg = Debug|Any CPU
		{52E848E5-8337-45E4-8692-E839ED294CBA}.Ad-Hoc|ARM.Build.0 = Debug|Any CPU
		{52E848E5-8337-45E4-8692-E839ED294CBA}.Ad-Hoc|ARM64.ActiveCfg = Debug|Any CPU
		{52E848E5-8337-45E4-8692-E839ED294CBA}.Ad-Hoc|ARM64.Build.0 = Debug|Any CPU
		{52E848E5-8337-45E4-8692-E839ED294CBA}.Ad-Hoc|iPhone.ActiveCfg = Debug|Any CPU
		{52E848E5-8337-45E4-8692-E839ED294CBA}.Ad-Hoc|iPhone.Build.0 = Debug|Any CPU
		{52E848E5-8337-45E4-8692-E839ED294CBA}.Ad-Hoc|iPhoneSimulator.ActiveCfg = Debug|Any CPU
		{52E848E5-8337-45E4-8692-E839ED294CBA}.Ad-Hoc|iPhoneSimulator.Build.0 = Debug|Any CPU
		{52E848E5-8337-45E4-8692-E839ED294CBA}.Ad-Hoc|x64.ActiveCfg = Debug|Any CPU
		{52E848E5-8337-45E4-8692-E839ED294CBA}.Ad-Hoc|x64.Build.0 = Debug|Any CPU
		{52E848E5-8337-45E4-8692-E839ED294CBA}.Ad-Hoc|x86.ActiveCfg = Debug|Any CPU
		{52E848E5-8337-45E4-8692-E839ED294CBA}.Ad-Hoc|x86.Build.0 = Debug|Any CPU
		{52E848E5-8337-45E4-8692-E839ED294CBA}.AppStore|Any CPU.ActiveCfg = Debug|Any CPU
		{52E848E5-8337-45E4-8692-E839ED294CBA}.AppStore|Any CPU.Build.0 = Debug|Any CPU
		{52E848E5-8337-45E4-8692-E839ED294CBA}.AppStore|ARM.ActiveCfg = Debug|Any CPU
		{52E848E5-8337-45E4-8692-E839ED294CBA}.AppStore|ARM.Build.0 = Debug|Any CPU
		{52E848E5-8337-45E4-8692-E839ED294CBA}.AppStore|ARM64.ActiveCfg = Debug|Any CPU
		{52E848E5-8337-45E4-8692-E839ED294CBA}.AppStore|ARM64.Build.0 = Debug|Any CPU
		{52E848E5-8337-45E4-8692-E839ED294CBA}.AppStore|iPhone.ActiveCfg = Debug|Any CPU
		{52E848E5-8337-45E4-8692-E839ED294CBA}.AppStore|iPhone.Build.0 = Debug|Any CPU
		{52E848E5-8337-45E4-8692-E839ED294CBA}.AppStore|iPhoneSimulator.ActiveCfg = Debug|Any CPU
		{52E848E5-8337-45E4-8692-E839ED294CBA}.AppStore|iPhoneSimulator.Build.0 = Debug|Any CPU
		{52E848E5-8337-45E4-8692-E839ED294CBA}.AppStore|x64.ActiveCfg = Debug|Any CPU
		{52E848E5-8337-45E4-8692-E839ED294CBA}.AppStore|x64.Build.0 = Debug|Any CPU
		{52E848E5-8337-45E4-8692-E839ED294CBA}.AppStore|x86.ActiveCfg = Debug|Any CPU
		{52E848E5-8337-45E4-8692-E839ED294CBA}.AppStore|x86.Build.0 = Debug|Any CPU
		{52E848E5-8337-45E4-8692-E839ED294CBA}.Debug|Any CPU.ActiveCfg = Debug|Any CPU
		{52E848E5-8337-45E4-8692-E839ED294CBA}.Debug|Any CPU.Build.0 = Debug|Any CPU
		{52E848E5-8337-45E4-8692-E839ED294CBA}.Debug|ARM.ActiveCfg = Debug|Any CPU
		{52E848E5-8337-45E4-8692-E839ED294CBA}.Debug|ARM.Build.0 = Debug|Any CPU
		{52E848E5-8337-45E4-8692-E839ED294CBA}.Debug|ARM64.ActiveCfg = Debug|Any CPU
		{52E848E5-8337-45E4-8692-E839ED294CBA}.Debug|ARM64.Build.0 = Debug|Any CPU
		{52E848E5-8337-45E4-8692-E839ED294CBA}.Debug|iPhone.ActiveCfg = Debug|Any CPU
		{52E848E5-8337-45E4-8692-E839ED294CBA}.Debug|iPhone.Build.0 = Debug|Any CPU
		{52E848E5-8337-45E4-8692-E839ED294CBA}.Debug|iPhoneSimulator.ActiveCfg = Debug|Any CPU
		{52E848E5-8337-45E4-8692-E839ED294CBA}.Debug|iPhoneSimulator.Build.0 = Debug|Any CPU
		{52E848E5-8337-45E4-8692-E839ED294CBA}.Debug|x64.ActiveCfg = Debug|Any CPU
		{52E848E5-8337-45E4-8692-E839ED294CBA}.Debug|x64.Build.0 = Debug|Any CPU
		{52E848E5-8337-45E4-8692-E839ED294CBA}.Debug|x86.ActiveCfg = Debug|Any CPU
		{52E848E5-8337-45E4-8692-E839ED294CBA}.Debug|x86.Build.0 = Debug|Any CPU
		{52E848E5-8337-45E4-8692-E839ED294CBA}.Release|Any CPU.ActiveCfg = Release|Any CPU
		{52E848E5-8337-45E4-8692-E839ED294CBA}.Release|Any CPU.Build.0 = Release|Any CPU
		{52E848E5-8337-45E4-8692-E839ED294CBA}.Release|ARM.ActiveCfg = Release|Any CPU
		{52E848E5-8337-45E4-8692-E839ED294CBA}.Release|ARM.Build.0 = Release|Any CPU
		{52E848E5-8337-45E4-8692-E839ED294CBA}.Release|ARM64.ActiveCfg = Release|Any CPU
		{52E848E5-8337-45E4-8692-E839ED294CBA}.Release|ARM64.Build.0 = Release|Any CPU
		{52E848E5-8337-45E4-8692-E839ED294CBA}.Release|iPhone.ActiveCfg = Release|Any CPU
		{52E848E5-8337-45E4-8692-E839ED294CBA}.Release|iPhone.Build.0 = Release|Any CPU
		{52E848E5-8337-45E4-8692-E839ED294CBA}.Release|iPhoneSimulator.ActiveCfg = Release|Any CPU
		{52E848E5-8337-45E4-8692-E839ED294CBA}.Release|iPhoneSimulator.Build.0 = Release|Any CPU
		{52E848E5-8337-45E4-8692-E839ED294CBA}.Release|x64.ActiveCfg = Release|Any CPU
		{52E848E5-8337-45E4-8692-E839ED294CBA}.Release|x64.Build.0 = Release|Any CPU
		{52E848E5-8337-45E4-8692-E839ED294CBA}.Release|x86.ActiveCfg = Release|Any CPU
		{52E848E5-8337-45E4-8692-E839ED294CBA}.Release|x86.Build.0 = Release|Any CPU
	EndGlobalSection
	GlobalSection(SolutionProperties) = preSolution
		HideSolutionNode = FALSE
	EndGlobalSection
	GlobalSection(NestedProjects) = preSolution
		{375C595F-FBB2-4BD8-AC5F-66E41ABFE967} = {672A58E5-7A90-4217-95DA-987038CF9BF6}
		{AC37E788-C288-44A7-B86E-5A6D8506DA40} = {672A58E5-7A90-4217-95DA-987038CF9BF6}
		{BB5B2356-0872-4F90-9470-E0C83E27406E} = {672A58E5-7A90-4217-95DA-987038CF9BF6}
		{BB183DB6-E9FB-490B-8FB8-11A9C2364724} = {672A58E5-7A90-4217-95DA-987038CF9BF6}
		{7496A4C1-F0A0-428A-94BC-C5A390C45723} = {672A58E5-7A90-4217-95DA-987038CF9BF6}
		{2FFD399B-C5AF-425C-B6B3-AEF745414E01} = {672A58E5-7A90-4217-95DA-987038CF9BF6}
		{9D564A12-7932-4FA1-AB04-9AB07EC98D30} = {672A58E5-7A90-4217-95DA-987038CF9BF6}
		{7EB2FEE0-9685-4598-844E-FD42CE94EE9F} = {672A58E5-7A90-4217-95DA-987038CF9BF6}
		{AC174B74-73FB-4EB5-B024-B526118309A5} = {672A58E5-7A90-4217-95DA-987038CF9BF6}
	EndGlobalSection
	GlobalSection(ExtensibilityGlobals) = postSolution
		SolutionGuid = {28407EA5-E8A3-4F73-A443-1CE141972D82}
	EndGlobalSection
EndGlobal
